
Microsoft Visual Studio Solution File, Format Version 12.00
# Visual Studio Version 17
VisualStudioVersion = 17.4.33213.308
MinimumVisualStudioVersion = 10.0.40219.1
Project("{8BC9CEB8-8B4A-11D0-8D11-00A0C91BC942}") = "Geometry_Calculator", "Geometry_Calculator\Geometry_Calculator.vcxproj", "{93DDB710-D593-4443-A7A6-C6D8DA7AA2B1}"
EndProject
Global
	GlobalSection(SolutionConfigurationPlatforms) = preSolution
		Debug|x64 = Debug|x64
		Debug|x86 = Debug|x86
		Release|x64 = Release|x64
		Release|x86 = Release|x86
	EndGlobalSection
	GlobalSection(ProjectConfigurationPlatforms) = postSolution
		{93DDB710-D593-4443-A7A6-C6D8DA7AA2B1}.Debug|x64.ActiveCfg = Debug|x64
		{93DDB710-D593-4443-A7A6-C6D8DA7AA2B1}.Debug|x64.Build.0 = Debug|x64
		{93DDB710-D593-4443-A7A6-C6D8DA7AA2B1}.Debug|x86.ActiveCfg = Debug|Win32
		{93DDB710-D593-4443-A7A6-C6D8DA7AA2B1}.Debug|x86.Build.0 = Debug|Win32
		{93DDB710-D593-4443-A7A6-C6D8DA7AA2B1}.Release|x64.ActiveCfg = Release|x64
		{93DDB710-D593-4443-A7A6-C6D8DA7AA2B1}.Release|x64.Build.0 = Release|x64
		{93DDB710-D593-4443-A7A6-C6D8DA7AA2B1}.Release|x86.ActiveCfg = Release|Win32
		{93DDB710-D593-4443-A7A6-C6D8DA7AA2B1}.Release|x86.Build.0 = Release|Win32
	EndGlobalSection
	GlobalSection(SolutionProperties) = preSolution
		HideSolutionNode = FALSE
	EndGlobalSection
	GlobalSection(ExtensibilityGlobals) = postSolution
		SolutionGuid = {2D0E9E71-74D5-4626-B66C-E9AC0A20405D}
	EndGlobalSection
EndGlobal
